
Microsoft Visual Studio Solution File, Format Version 12.00
# Visual Studio Version 17
VisualStudioVersion = 17.9.34714.143
MinimumVisualStudioVersion = 10.0.40219.1
Project("{FAE04EC0-301F-11D3-BF4B-00C04F79EFBC}") = "DjeResidenceAPI", "DjeResidenceAPI.csproj", "{69092A5F-CEC6-48AC-894E-DB5C0F5B4365}"
EndProject
Global
	GlobalSection(SolutionConfigurationPlatforms) = preSolution
		Debug|Any CPU = Debug|Any CPU
		Release|Any CPU = Release|Any CPU
	EndGlobalSection
	GlobalSection(ProjectConfigurationPlatforms) = postSolution
		{69092A5F-CEC6-48AC-894E-DB5C0F5B4365}.Debug|Any CPU.ActiveCfg = Debug|Any CPU
		{69092A5F-CEC6-48AC-894E-DB5C0F5B4365}.Debug|Any CPU.Build.0 = Debug|Any CPU
		{69092A5F-CEC6-48AC-894E-DB5C0F5B4365}.Release|Any CPU.ActiveCfg = Release|Any CPU
		{69092A5F-CEC6-48AC-894E-DB5C0F5B4365}.Release|Any CPU.Build.0 = Release|Any CPU
	EndGlobalSection
	GlobalSection(SolutionProperties) = preSolution
		HideSolutionNode = FALSE
	EndGlobalSection
	GlobalSection(ExtensibilityGlobals) = postSolution
		SolutionGuid = {CAB26A8A-943D-4E98-A111-8C676EEA5B84}
	EndGlobalSection
EndGlobal
