
Microsoft Visual Studio Solution File, Format Version 12.00
# Visual Studio Version 17
VisualStudioVersion = 17.9.34714.143
MinimumVisualStudioVersion = 10.0.40219.1
Project("{FAE04EC0-301F-11D3-BF4B-00C04F79EFBC}") = "WebApplication1", "WebApplication1.csproj", "{5459FC58-E3EF-4E46-BA88-D4452A1A8269}"
EndProject
Global
	GlobalSection(SolutionConfigurationPlatforms) = preSolution
		Debug|Any CPU = Debug|Any CPU
		Release|Any CPU = Release|Any CPU
	EndGlobalSection
	GlobalSection(ProjectConfigurationPlatforms) = postSolution
		{5459FC58-E3EF-4E46-BA88-D4452A1A8269}.Debug|Any CPU.ActiveCfg = Debug|Any CPU
		{5459FC58-E3EF-4E46-BA88-D4452A1A8269}.Debug|Any CPU.Build.0 = Debug|Any CPU
		{5459FC58-E3EF-4E46-BA88-D4452A1A8269}.Release|Any CPU.ActiveCfg = Release|Any CPU
		{5459FC58-E3EF-4E46-BA88-D4452A1A8269}.Release|Any CPU.Build.0 = Release|Any CPU
	EndGlobalSection
	GlobalSection(SolutionProperties) = preSolution
		HideSolutionNode = FALSE
	EndGlobalSection
	GlobalSection(ExtensibilityGlobals) = postSolution
		SolutionGuid = {9AFEA621-3E44-4630-A308-8B4CC118BA42}
	EndGlobalSection
EndGlobal
